// !$*UTF8*$!
{
	archiveVersion = 1;
	classes = {
	};
	objectVersion = 46;
	objects = {

/* Begin PBXBuildFile section */
		B0014DB61B364AEA005CC6F2 /* AppDelegate.swift in Sources */ = {isa = PBXBuildFile; fileRef = B0014DB51B364AEA005CC6F2 /* AppDelegate.swift */; };
		B0014DB81B364AEA005CC6F2 /* MainViewController.swift in Sources */ = {isa = PBXBuildFile; fileRef = B0014DB71B364AEA005CC6F2 /* MainViewController.swift */; };
		B0014DBB1B364AEA005CC6F2 /* Main.storyboard in Resources */ = {isa = PBXBuildFile; fileRef = B0014DB91B364AEA005CC6F2 /* Main.storyboard */; };
		B0014DBD1B364AEA005CC6F2 /* Images.xcassets in Resources */ = {isa = PBXBuildFile; fileRef = B0014DBC1B364AEA005CC6F2 /* Images.xcassets */; };
		B0014DC01B364AEA005CC6F2 /* LaunchScreen.xib in Resources */ = {isa = PBXBuildFile; fileRef = B0014DBE1B364AEA005CC6F2 /* LaunchScreen.xib */; };
		B0014DCC1B364AEA005CC6F2 /* DesignspirationTests.swift in Sources */ = {isa = PBXBuildFile; fileRef = B0014DCB1B364AEA005CC6F2 /* DesignspirationTests.swift */; };
		B0014DD61B36668B005CC6F2 /* Quotes.swift in Sources */ = {isa = PBXBuildFile; fileRef = B0014DD51B36668B005CC6F2 /* Quotes.swift */; };
		B0014DD81B3666AE005CC6F2 /* MyFavs.swift in Sources */ = {isa = PBXBuildFile; fileRef = B0014DD71B3666AE005CC6F2 /* MyFavs.swift */; };
		B0014DDA1B375323005CC6F2 /* CategoriesTableVC.swift in Sources */ = {isa = PBXBuildFile; fileRef = B0014DD91B375323005CC6F2 /* CategoriesTableVC.swift */; };
		B0014DDE1B3762D2005CC6F2 /* Categories.swift in Sources */ = {isa = PBXBuildFile; fileRef = B0014DDD1B3762D2005CC6F2 /* Categories.swift */; };
/* End PBXBuildFile section */

/* Begin PBXContainerItemProxy section */
		B0014DC61B364AEA005CC6F2 /* PBXContainerItemProxy */ = {
			isa = PBXContainerItemProxy;
			containerPortal = B0014DA81B364AEA005CC6F2 /* Project object */;
			proxyType = 1;
			remoteGlobalIDString = B0014DAF1B364AEA005CC6F2;
			remoteInfo = Designspiration;
		};
/* End PBXContainerItemProxy section */

/* Begin PBXFileReference section */
		B0014DB01B364AEA005CC6F2 /* Designspiration.app */ = {isa = PBXFileReference; explicitFileType = wrapper.application; includeInIndex = 0; path = Designspiration.app; sourceTree = BUILT_PRODUCTS_DIR; };
		B0014DB41B364AEA005CC6F2 /* Info.plist */ = {isa = PBXFileReference; lastKnownFileType = text.plist.xml; path = Info.plist; sourceTree = "<group>"; };
		B0014DB51B364AEA005CC6F2 /* AppDelegate.swift */ = {isa = PBXFileReference; lastKnownFileType = sourcecode.swift; path = AppDelegate.swift; sourceTree = "<group>"; };
		B0014DB71B364AEA005CC6F2 /* MainViewController.swift */ = {isa = PBXFileReference; lastKnownFileType = sourcecode.swift; path = MainViewController.swift; sourceTree = "<group>"; };
		B0014DBA1B364AEA005CC6F2 /* Base */ = {isa = PBXFileReference; lastKnownFileType = file.storyboard; name = Base; path = Base.lproj/Main.storyboard; sourceTree = "<group>"; };
		B0014DBC1B364AEA005CC6F2 /* Images.xcassets */ = {isa = PBXFileReference; lastKnownFileType = folder.assetcatalog; path = Images.xcassets; sourceTree = "<group>"; };
		B0014DBF1B364AEA005CC6F2 /* Base */ = {isa = PBXFileReference; lastKnownFileType = file.xib; name = Base; path = Base.lproj/LaunchScreen.xib; sourceTree = "<group>"; };
		B0014DC51B364AEA005CC6F2 /* DesignspirationTests.xctest */ = {isa = PBXFileReference; explicitFileType = wrapper.cfbundle; includeInIndex = 0; path = DesignspirationTests.xctest; sourceTree = BUILT_PRODUCTS_DIR; };
		B0014DCA1B364AEA005CC6F2 /* Info.plist */ = {isa = PBXFileReference; lastKnownFileType = text.plist.xml; path = Info.plist; sourceTree = "<group>"; };
		B0014DCB1B364AEA005CC6F2 /* DesignspirationTests.swift */ = {isa = PBXFileReference; lastKnownFileType = sourcecode.swift; path = DesignspirationTests.swift; sourceTree = "<group>"; };
		B0014DD51B36668B005CC6F2 /* Quotes.swift */ = {isa = PBXFileReference; fileEncoding = 4; lastKnownFileType = sourcecode.swift; path = Quotes.swift; sourceTree = "<group>"; };
		B0014DD71B3666AE005CC6F2 /* MyFavs.swift */ = {isa = PBXFileReference; fileEncoding = 4; lastKnownFileType = sourcecode.swift; path = MyFavs.swift; sourceTree = "<group>"; };
		B0014DD91B375323005CC6F2 /* CategoriesTableVC.swift */ = {isa = PBXFileReference; fileEncoding = 4; lastKnownFileType = sourcecode.swift; path = CategoriesTableVC.swift; sourceTree = "<group>"; };
		B0014DDD1B3762D2005CC6F2 /* Categories.swift */ = {isa = PBXFileReference; fileEncoding = 4; lastKnownFileType = sourcecode.swift; path = Categories.swift; sourceTree = "<group>"; };
/* End PBXFileReference section */

/* Begin PBXFrameworksBuildPhase section */
		B0014DAD1B364AEA005CC6F2 /* Frameworks */ = {
			isa = PBXFrameworksBuildPhase;
			buildActionMask = 2147483647;
			files = (
			);
			runOnlyForDeploymentPostprocessing = 0;
		};
		B0014DC21B364AEA005CC6F2 /* Frameworks */ = {
			isa = PBXFrameworksBuildPhase;
			buildActionMask = 2147483647;
			files = (
			);
			runOnlyForDeploymentPostprocessing = 0;
		};
/* End PBXFrameworksBuildPhase section */

/* Begin PBXGroup section */
		B0014DA71B364AEA005CC6F2 = {
			isa = PBXGroup;
			children = (
				B0014DB21B364AEA005CC6F2 /* Designspiration */,
				B0014DC81B364AEA005CC6F2 /* DesignspirationTests */,
				B0014DB11B364AEA005CC6F2 /* Products */,
			);
			sourceTree = "<group>";
		};
		B0014DB11B364AEA005CC6F2 /* Products */ = {
			isa = PBXGroup;
			children = (
				B0014DB01B364AEA005CC6F2 /* Designspiration.app */,
				B0014DC51B364AEA005CC6F2 /* DesignspirationTests.xctest */,
			);
			name = Products;
			sourceTree = "<group>";
		};
		B0014DB21B364AEA005CC6F2 /* Designspiration */ = {
			isa = PBXGroup;
			children = (
				B0014DB51B364AEA005CC6F2 /* AppDelegate.swift */,
				B0014DB71B364AEA005CC6F2 /* MainViewController.swift */,
				B0014DD91B375323005CC6F2 /* CategoriesTableVC.swift */,
				B0014DDD1B3762D2005CC6F2 /* Categories.swift */,
				B0014DB91B364AEA005CC6F2 /* Main.storyboard */,
				B0014DD51B36668B005CC6F2 /* Quotes.swift */,
				B0014DD71B3666AE005CC6F2 /* MyFavs.swift */,
				B0014DBC1B364AEA005CC6F2 /* Images.xcassets */,
				B0014DBE1B364AEA005CC6F2 /* LaunchScreen.xib */,
				B0014DB31B364AEA005CC6F2 /* Supporting Files */,
			);
			path = Designspiration;
			sourceTree = "<group>";
		};
		B0014DB31B364AEA005CC6F2 /* Supporting Files */ = {
			isa = PBXGroup;
			children = (
				B0014DB41B364AEA005CC6F2 /* Info.plist */,
			);
			name = "Supporting Files";
			sourceTree = "<group>";
		};
		B0014DC81B364AEA005CC6F2 /* DesignspirationTests */ = {
			isa = PBXGroup;
			children = (
				B0014DCB1B364AEA005CC6F2 /* DesignspirationTests.swift */,
				B0014DC91B364AEA005CC6F2 /* Supporting Files */,
			);
			path = DesignspirationTests;
			sourceTree = "<group>";
		};
		B0014DC91B364AEA005CC6F2 /* Supporting Files */ = {
			isa = PBXGroup;
			children = (
				B0014DCA1B364AEA005CC6F2 /* Info.plist */,
			);
			name = "Supporting Files";
			sourceTree = "<group>";
		};
/* End PBXGroup section */

/* Begin PBXNativeTarget section */
		B0014DAF1B364AEA005CC6F2 /* Designspiration */ = {
			isa = PBXNativeTarget;
			buildConfigurationList = B0014DCF1B364AEA005CC6F2 /* Build configuration list for PBXNativeTarget "Designspiration" */;
			buildPhases = (
				B0014DAC1B364AEA005CC6F2 /* Sources */,
				B0014DAD1B364AEA005CC6F2 /* Frameworks */,
				B0014DAE1B364AEA005CC6F2 /* Resources */,
			);
			buildRules = (
			);
			dependencies = (
			);
			name = Designspiration;
			productName = Designspiration;
			productReference = B0014DB01B364AEA005CC6F2 /* Designspiration.app */;
			productType = "com.apple.product-type.application";
		};
		B0014DC41B364AEA005CC6F2 /* DesignspirationTests */ = {
			isa = PBXNativeTarget;
			buildConfigurationList = B0014DD21B364AEA005CC6F2 /* Build configuration list for PBXNativeTarget "DesignspirationTests" */;
			buildPhases = (
				B0014DC11B364AEA005CC6F2 /* Sources */,
				B0014DC21B364AEA005CC6F2 /* Frameworks */,
				B0014DC31B364AEA005CC6F2 /* Resources */,
			);
			buildRules = (
			);
			dependencies = (
				B0014DC71B364AEA005CC6F2 /* PBXTargetDependency */,
			);
			name = DesignspirationTests;
			productName = DesignspirationTests;
			productReference = B0014DC51B364AEA005CC6F2 /* DesignspirationTests.xctest */;
			productType = "com.apple.product-type.bundle.unit-test";
		};
/* End PBXNativeTarget section */

/* Begin PBXProject section */
		B0014DA81B364AEA005CC6F2 /* Project object */ = {
			isa = PBXProject;
			attributes = {
				LastUpgradeCheck = 0630;
				ORGANIZATIONNAME = "Harmony Bunny";
				TargetAttributes = {
					B0014DAF1B364AEA005CC6F2 = {
						CreatedOnToolsVersion = 6.3.2;
					};
					B0014DC41B364AEA005CC6F2 = {
						CreatedOnToolsVersion = 6.3.2;
						TestTargetID = B0014DAF1B364AEA005CC6F2;
					};
				};
			};
			buildConfigurationList = B0014DAB1B364AEA005CC6F2 /* Build configuration list for PBXProject "Designspiration" */;
			compatibilityVersion = "Xcode 3.2";
			developmentRegion = English;
			hasScannedForEncodings = 0;
			knownRegions = (
				en,
				Base,
			);
			mainGroup = B0014DA71B364AEA005CC6F2;
			productRefGroup = B0014DB11B364AEA005CC6F2 /* Products */;
			projectDirPath = "";
			projectRoot = "";
			targets = (
				B0014DAF1B364AEA005CC6F2 /* Designspiration */,
				B0014DC41B364AEA005CC6F2 /* DesignspirationTests */,
			);
		};
/* End PBXProject section */

/* Begin PBXResourcesBuildPhase section */
		B0014DAE1B364AEA005CC6F2 /* Resources */ = {
			isa = PBXResourcesBuildPhase;
			buildActionMask = 2147483647;
			files = (
				B0014DBB1B364AEA005CC6F2 /* Main.storyboard in Resources */,
				B0014DC01B364AEA005CC6F2 /* LaunchScreen.xib in Resources */,
				B0014DBD1B364AEA005CC6F2 /* Images.xcassets in Resources */,
			);
			runOnlyForDeploymentPostprocessing = 0;
		};
		B0014DC31B364AEA005CC6F2 /* Resources */ = {
			isa = PBXResourcesBuildPhase;
			buildActionMask = 2147483647;
			files = (
			);
			runOnlyForDeploymentPostprocessing = 0;
		};
/* End PBXResourcesBuildPhase section */

/* Begin PBXSourcesBuildPhase section */
		B0014DAC1B364AEA005CC6F2 /* Sources */ = {
			isa = PBXSourcesBuildPhase;
			buildActionMask = 2147483647;
			files = (
				B0014DB81B364AEA005CC6F2 /* MainViewController.swift in Sources */,
				B0014DDA1B375323005CC6F2 /* CategoriesTableVC.swift in Sources */,
				B0014DD81B3666AE005CC6F2 /* MyFavs.swift in Sources */,
				B0014DB61B364AEA005CC6F2 /* AppDelegate.swift in Sources */,
				B0014DD61B36668B005CC6F2 /* Quotes.swift in Sources */,
				B0014DDE1B3762D2005CC6F2 /* Categories.swift in Sources */,
			);
			runOnlyForDeploymentPostprocessing = 0;
		};
		B0014DC11B364AEA005CC6F2 /* Sources */ = {
			isa = PBXSourcesBuildPhase;
			buildActionMask = 2147483647;
			files = (
				B0014DCC1B364AEA005CC6F2 /* DesignspirationTests.swift in Sources */,
			);
			runOnlyForDeploymentPostprocessing = 0;
		};
/* End PBXSourcesBuildPhase section */

/* Begin PBXTargetDependency section */
		B0014DC71B364AEA005CC6F2 /* PBXTargetDependency */ = {
			isa = PBXTargetDependency;
			target = B0014DAF1B364AEA005CC6F2 /* Designspiration */;
			targetProxy = B0014DC61B364AEA005CC6F2 /* PBXContainerItemProxy */;
		};
/* End PBXTargetDependency section */

/* Begin PBXVariantGroup section */
		B0014DB91B364AEA005CC6F2 /* Main.storyboard */ = {
			isa = PBXVariantGroup;
			children = (
				B0014DBA1B364AEA005CC6F2 /* Base */,
			);
			name = Main.storyboard;
			sourceTree = "<group>";
		};
		B0014DBE1B364AEA005CC6F2 /* LaunchScreen.xib */ = {
			isa = PBXVariantGroup;
			children = (
				B0014DBF1B364AEA005CC6F2 /* Base */,
			);
			name = LaunchScreen.xib;
			sourceTree = "<group>";
		};
/* End PBXVariantGroup section */

/* Begin XCBuildConfiguration section */
		B0014DCD1B364AEA005CC6F2 /* Debug */ = {
			isa = XCBuildConfiguration;
			buildSettings = {
				ALWAYS_SEARCH_USER_PATHS = NO;
				CLANG_CXX_LANGUAGE_STANDARD = "gnu++0x";
				CLANG_CXX_LIBRARY = "libc++";
				CLANG_ENABLE_MODULES = YES;
				CLANG_ENABLE_OBJC_ARC = YES;
				CLANG_WARN_BOOL_CONVERSION = YES;
				CLANG_WARN_CONSTANT_CONVERSION = YES;
				CLANG_WARN_DIRECT_OBJC_ISA_USAGE = YES_ERROR;
				CLANG_WARN_EMPTY_BODY = YES;
				CLANG_WARN_ENUM_CONVERSION = YES;
				CLANG_WARN_INT_CONVERSION = YES;
				CLANG_WARN_OBJC_ROOT_CLASS = YES_ERROR;
				CLANG_WARN_UNREACHABLE_CODE = YES;
				CLANG_WARN__DUPLICATE_METHOD_MATCH = YES;
				"CODE_SIGN_IDENTITY[sdk=iphoneos*]" = "iPhone Developer";
				COPY_PHASE_STRIP = NO;
				DEBUG_INFORMATION_FORMAT = "dwarf-with-dsym";
				ENABLE_STRICT_OBJC_MSGSEND = YES;
				GCC_C_LANGUAGE_STANDARD = gnu99;
				GCC_DYNAMIC_NO_PIC = NO;
				GCC_NO_COMMON_BLOCKS = YES;
				GCC_OPTIMIZATION_LEVEL = 0;
				GCC_PREPROCESSOR_DEFINITIONS = (
					"DEBUG=1",
					"$(inherited)",
				);
				GCC_SYMBOLS_PRIVATE_EXTERN = NO;
				GCC_WARN_64_TO_32_BIT_CONVERSION = YES;
				GCC_WARN_ABOUT_RETURN_TYPE = YES_ERROR;
				GCC_WARN_UNDECLARED_SELECTOR = YES;
				GCC_WARN_UNINITIALIZED_AUTOS = YES_AGGRESSIVE;
				GCC_WARN_UNUSED_FUNCTION = YES;
				GCC_WARN_UNUSED_VARIABLE = YES;
				IPHONEOS_DEPLOYMENT_TARGET = 8.3;
				MTL_ENABLE_DEBUG_INFO = YES;
				ONLY_ACTIVE_ARCH = YES;
				SDKROOT = iphoneos;
				SWIFT_OPTIMIZATION_LEVEL = "-Onone";
			};
			name = Debug;
		};
		B0014DCE1B364AEA005CC6F2 /* Release */ = {
			isa = XCBuildConfiguration;
			buildSettings = {
				ALWAYS_SEARCH_USER_PATHS = NO;
				CLANG_CXX_LANGUAGE_STANDARD = "gnu++0x";
				CLANG_CXX_LIBRARY = "libc++";
				CLANG_ENABLE_MODULES = YES;
				CLANG_ENABLE_OBJC_ARC = YES;
				CLANG_WARN_BOOL_CONVERSION = YES;
				CLANG_WARN_CONSTANT_CONVERSION = YES;
				CLANG_WARN_DIRECT_OBJC_ISA_USAGE = YES_ERROR;
				CLANG_WARN_EMPTY_BODY = YES;
				CLANG_WARN_ENUM_CONVERSION = YES;
				CLANG_WARN_INT_CONVERSION = YES;
				CLANG_WARN_OBJC_ROOT_CLASS = YES_ERROR;
				CLANG_WARN_UNREACHABLE_CODE = YES;
				CLANG_WARN__DUPLICATE_METHOD_MATCH = YES;
				"CODE_SIGN_IDENTITY[sdk=iphoneos*]" = "iPhone Developer";
				COPY_PHASE_STRIP = NO;
				DEBUG_INFORMATION_FORMAT = "dwarf-with-dsym";
				ENABLE_NS_ASSERTIONS = NO;
				ENABLE_STRICT_OBJC_MSGSEND = YES;
				GCC_C_LANGUAGE_STANDARD = gnu99;
				GCC_NO_COMMON_BLOCKS = YES;
				GCC_WARN_64_TO_32_BIT_CONVERSION = YES;
				GCC_WARN_ABOUT_RETURN_TYPE = YES_ERROR;
				GCC_WARN_UNDECLARED_SELECTOR = YES;
				GCC_WARN_UNINITIALIZED_AUTOS = YES_AGGRESSIVE;
				GCC_WARN_UNUSED_FUNCTION = YES;
				GCC_WARN_UNUSED_VARIABLE = YES;
				IPHONEOS_DEPLOYMENT_TARGET = 8.3;
				MTL_ENABLE_DEBUG_INFO = NO;
				SDKROOT = iphoneos;
				VALIDATE_PRODUCT = YES;
			};
			name = Release;
		};
		B0014DD01B364AEA005CC6F2 /* Debug */ = {
			isa = XCBuildConfiguration;
			buildSettings = {
				ASSETCATALOG_COMPILER_APPICON_NAME = AppIcon;
				INFOPLIST_FILE = Designspiration/Info.plist;
				LD_RUNPATH_SEARCH_PATHS = "$(inherited) @executable_path/Frameworks";
				PRODUCT_NAME = "$(TARGET_NAME)";
			};
			name = Debug;
		};
		B0014DD11B364AEA005CC6F2 /* Release */ = {
			isa = XCBuildConfiguration;
			buildSettings = {
				ASSETCATALOG_COMPILER_APPICON_NAME = AppIcon;
				INFOPLIST_FILE = Designspiration/Info.plist;
				LD_RUNPATH_SEARCH_PATHS = "$(inherited) @executable_path/Frameworks";
				PRODUCT_NAME = "$(TARGET_NAME)";
			};
			name = Release;
		};
		B0014DD31B364AEA005CC6F2 /* Debug */ = {
			isa = XCBuildConfiguration;
			buildSettings = {
				BUNDLE_LOADER = "$(TEST_HOST)";
				FRAMEWORK_SEARCH_PATHS = (
					"$(SDKROOT)/Developer/Library/Frameworks",
					"$(inherited)",
				);
				GCC_PREPROCESSOR_DEFINITIONS = (
					"DEBUG=1",
					"$(inherited)",
				);
				INFOPLIST_FILE = DesignspirationTests/Info.plist;
				LD_RUNPATH_SEARCH_PATHS = "$(inherited) @executable_path/Frameworks @loader_path/Frameworks";
				PRODUCT_NAME = "$(TARGET_NAME)";
				TEST_HOST = "$(BUILT_PRODUCTS_DIR)/Designspiration.app/Designspiration";
			};
			name = Debug;
		};
		B0014DD41B364AEA005CC6F2 /* Release */ = {
			isa = XCBuildConfiguration;
			buildSettings = {
				BUNDLE_LOADER = "$(TEST_HOST)";
				FRAMEWORK_SEARCH_PATHS = (
					"$(SDKROOT)/Developer/Library/Frameworks",
					"$(inherited)",
				);
				INFOPLIST_FILE = DesignspirationTests/Info.plist;
				LD_RUNPATH_SEARCH_PATHS = "$(inherited) @executable_path/Frameworks @loader_path/Frameworks";
				PRODUCT_NAME = "$(TARGET_NAME)";
				TEST_HOST = "$(BUILT_PRODUCTS_DIR)/Designspiration.app/Designspiration";
			};
			name = Release;
		};
/* End XCBuildConfiguration section */

/* Begin XCConfigurationList section */
		B0014DAB1B364AEA005CC6F2 /* Build configuration list for PBXProject "Designspiration" */ = {
			isa = XCConfigurationList;
			buildConfigurations = (
				B0014DCD1B364AEA005CC6F2 /* Debug */,
				B0014DCE1B364AEA005CC6F2 /* Release */,
			);
			defaultConfigurationIsVisible = 0;
			defaultConfigurationName = Release;
		};
		B0014DCF1B364AEA005CC6F2 /* Build configuration list for PBXNativeTarget "Designspiration" */ = {
			isa = XCConfigurationList;
			buildConfigurations = (
				B0014DD01B364AEA005CC6F2 /* Debug */,
				B0014DD11B364AEA005CC6F2 /* Release */,
			);
			defaultConfigurationIsVisible = 0;
		};
		B0014DD21B364AEA005CC6F2 /* Build configuration list for PBXNativeTarget "DesignspirationTests" */ = {
			isa = XCConfigurationList;
			buildConfigurations = (
				B0014DD31B364AEA005CC6F2 /* Debug */,
				B0014DD41B364AEA005CC6F2 /* Release */,
			);
			defaultConfigurationIsVisible = 0;
		};
/* End XCConfigurationList section */
	};
	rootObject = B0014DA81B364AEA005CC6F2 /* Project object */;
}
